
Microsoft Visual Studio Solution File, Format Version 12.00
# Visual Studio Version 17
VisualStudioVersion = 17.4.33103.184
MinimumVisualStudioVersion = 10.0.40219.1
Project("{FAE04EC0-301F-11D3-BF4B-00C04F79EFBC}") = "apsBalanca", "apsBalanca\apsBalanca.csproj", "{F7E94552-E4F8-4469-991F-4D11BE4DEEBE}"
EndProject
Global
	GlobalSection(SolutionConfigurationPlatforms) = preSolution
		Debug|Any CPU = Debug|Any CPU
		Release|Any CPU = Release|Any CPU
	EndGlobalSection
	GlobalSection(ProjectConfigurationPlatforms) = postSolution
		{F7E94552-E4F8-4469-991F-4D11BE4DEEBE}.Debug|Any CPU.ActiveCfg = Debug|Any CPU
		{F7E94552-E4F8-4469-991F-4D11BE4DEEBE}.Debug|Any CPU.Build.0 = Debug|Any CPU
		{F7E94552-E4F8-4469-991F-4D11BE4DEEBE}.Release|Any CPU.ActiveCfg = Release|Any CPU
		{F7E94552-E4F8-4469-991F-4D11BE4DEEBE}.Release|Any CPU.Build.0 = Release|Any CPU
	EndGlobalSection
	GlobalSection(SolutionProperties) = preSolution
		HideSolutionNode = FALSE
	EndGlobalSection
	GlobalSection(ExtensibilityGlobals) = postSolution
		SolutionGuid = {45601176-7B59-44C6-952C-557DA47C19E4}
	EndGlobalSection
EndGlobal
